// !$*UTF8*$!
{
	archiveVersion = 1;
	classes = {
	};
	objectVersion = 56;
	objects = {

/* Begin PBXBuildFile section */
		115DB8682CD7DC85008BA36D /* DescriptionVIew.swift in Sources */ = {isa = PBXBuildFile; fileRef = 115DB8672CD7DC85008BA36D /* DescriptionVIew.swift */; };
		9A41441C2CD2ACA9008A11A9 /* Doggy_DepotApp.swift in Sources */ = {isa = PBXBuildFile; fileRef = 9A41441B2CD2ACA9008A11A9 /* Doggy_DepotApp.swift */; };
		9A41441E2CD2ACA9008A11A9 /* SignInView.swift in Sources */ = {isa = PBXBuildFile; fileRef = 9A41441D2CD2ACA9008A11A9 /* SignInView.swift */; };
		9A4144202CD2ACAB008A11A9 /* Assets.xcassets in Resources */ = {isa = PBXBuildFile; fileRef = 9A41441F2CD2ACAB008A11A9 /* Assets.xcassets */; };
		9A4144232CD2ACAB008A11A9 /* Preview Assets.xcassets in Resources */ = {isa = PBXBuildFile; fileRef = 9A4144222CD2ACAB008A11A9 /* Preview Assets.xcassets */; };
		9A41442A2CD2B3D3008A11A9 /* RegistrationView.swift in Sources */ = {isa = PBXBuildFile; fileRef = 9A4144292CD2B3D3008A11A9 /* RegistrationView.swift */; };
		9A41443D2CD3532F008A11A9 /* ParseSwift in Frameworks */ = {isa = PBXBuildFile; productRef = 9A41443C2CD3532F008A11A9 /* ParseSwift */; };
		9A4144442CD360CC008A11A9 /* LandingPage.swift in Sources */ = {isa = PBXBuildFile; fileRef = 9A4144432CD360CC008A11A9 /* LandingPage.swift */; };
		9A4144462CD36955008A11A9 /* WishlistPageView.swift in Sources */ = {isa = PBXBuildFile; fileRef = 9A4144452CD36955008A11A9 /* WishlistPageView.swift */; };
		9A7AD9542CDAF85B002F5B95 /* User.swift in Sources */ = {isa = PBXBuildFile; fileRef = 9A7AD9532CDAF85B002F5B95 /* User.swift */; };
/* End PBXBuildFile section */

/* Begin PBXFileReference section */
		115DB8672CD7DC85008BA36D /* DescriptionVIew.swift */ = {isa = PBXFileReference; lastKnownFileType = sourcecode.swift; path = DescriptionVIew.swift; sourceTree = "<group>"; };
		9A4144182CD2ACA9008A11A9 /* Doggy Depot.app */ = {isa = PBXFileReference; explicitFileType = wrapper.application; includeInIndex = 0; path = "Doggy Depot.app"; sourceTree = BUILT_PRODUCTS_DIR; };
		9A41441B2CD2ACA9008A11A9 /* Doggy_DepotApp.swift */ = {isa = PBXFileReference; lastKnownFileType = sourcecode.swift; path = Doggy_DepotApp.swift; sourceTree = "<group>"; };
		9A41441D2CD2ACA9008A11A9 /* SignInView.swift */ = {isa = PBXFileReference; lastKnownFileType = sourcecode.swift; path = SignInView.swift; sourceTree = "<group>"; };
		9A41441F2CD2ACAB008A11A9 /* Assets.xcassets */ = {isa = PBXFileReference; lastKnownFileType = folder.assetcatalog; path = Assets.xcassets; sourceTree = "<group>"; };
		9A4144222CD2ACAB008A11A9 /* Preview Assets.xcassets */ = {isa = PBXFileReference; lastKnownFileType = folder.assetcatalog; path = "Preview Assets.xcassets"; sourceTree = "<group>"; };
		9A4144292CD2B3D3008A11A9 /* RegistrationView.swift */ = {isa = PBXFileReference; lastKnownFileType = sourcecode.swift; path = RegistrationView.swift; sourceTree = "<group>"; };
		9A4144432CD360CC008A11A9 /* LandingPage.swift */ = {isa = PBXFileReference; lastKnownFileType = sourcecode.swift; path = LandingPage.swift; sourceTree = "<group>"; };
		9A4144452CD36955008A11A9 /* WishlistPageView.swift */ = {isa = PBXFileReference; fileEncoding = 4; lastKnownFileType = sourcecode.swift; path = WishlistPageView.swift; sourceTree = "<group>"; };
		9A7AD9532CDAF85B002F5B95 /* User.swift */ = {isa = PBXFileReference; lastKnownFileType = sourcecode.swift; path = User.swift; sourceTree = "<group>"; };
/* End PBXFileReference section */

/* Begin PBXFrameworksBuildPhase section */
		9A4144152CD2ACA9008A11A9 /* Frameworks */ = {
			isa = PBXFrameworksBuildPhase;
			buildActionMask = 2147483647;
			files = (
				9A41443D2CD3532F008A11A9 /* ParseSwift in Frameworks */,
			);
			runOnlyForDeploymentPostprocessing = 0;
		};
/* End PBXFrameworksBuildPhase section */

/* Begin PBXGroup section */
		9A41440F2CD2ACA9008A11A9 = {
			isa = PBXGroup;
			children = (
				9A41441A2CD2ACA9008A11A9 /* Doggy Depot */,
				9A4144192CD2ACA9008A11A9 /* Products */,
			);
			sourceTree = "<group>";
		};
		9A4144192CD2ACA9008A11A9 /* Products */ = {
			isa = PBXGroup;
			children = (
				9A4144182CD2ACA9008A11A9 /* Doggy Depot.app */,
			);
			name = Products;
			sourceTree = "<group>";
		};
		9A41441A2CD2ACA9008A11A9 /* Doggy Depot */ = {
			isa = PBXGroup;
			children = (
				9A41441B2CD2ACA9008A11A9 /* Doggy_DepotApp.swift */,
				9A41441D2CD2ACA9008A11A9 /* SignInView.swift */,
				9A4144292CD2B3D3008A11A9 /* RegistrationView.swift */,
				9A7AD9532CDAF85B002F5B95 /* User.swift */,
				9A4144432CD360CC008A11A9 /* LandingPage.swift */,
				9A4144452CD36955008A11A9 /* WishlistPageView.swift */,
				115DB8672CD7DC85008BA36D /* DescriptionVIew.swift */,
				9A41441F2CD2ACAB008A11A9 /* Assets.xcassets */,
				9A4144212CD2ACAB008A11A9 /* Preview Content */,
			);
			path = "Doggy Depot";
			sourceTree = "<group>";
		};
		9A4144212CD2ACAB008A11A9 /* Preview Content */ = {
			isa = PBXGroup;
			children = (
				9A4144222CD2ACAB008A11A9 /* Preview Assets.xcassets */,
			);
			path = "Preview Content";
			sourceTree = "<group>";
		};
/* End PBXGroup section */

/* Begin PBXNativeTarget section */
		9A4144172CD2ACA9008A11A9 /* Doggy Depot */ = {
			isa = PBXNativeTarget;
			buildConfigurationList = 9A4144262CD2ACAB008A11A9 /* Build configuration list for PBXNativeTarget "Doggy Depot" */;
			buildPhases = (
				9A4144142CD2ACA9008A11A9 /* Sources */,
				9A4144152CD2ACA9008A11A9 /* Frameworks */,
				9A4144162CD2ACA9008A11A9 /* Resources */,
			);
			buildRules = (
			);
			dependencies = (
			);
			name = "Doggy Depot";
			packageProductDependencies = (
				9A41443C2CD3532F008A11A9 /* ParseSwift */,
			);
			productName = "Doggy Depot";
			productReference = 9A4144182CD2ACA9008A11A9 /* Doggy Depot.app */;
			productType = "com.apple.product-type.application";
		};
/* End PBXNativeTarget section */

/* Begin PBXProject section */
		9A4144102CD2ACA9008A11A9 /* Project object */ = {
			isa = PBXProject;
			attributes = {
				BuildIndependentTargetsInParallel = 1;
				LastSwiftUpdateCheck = 1540;
				LastUpgradeCheck = 1540;
				TargetAttributes = {
					9A4144172CD2ACA9008A11A9 = {
						CreatedOnToolsVersion = 15.4;
					};
				};
			};
			buildConfigurationList = 9A4144132CD2ACA9008A11A9 /* Build configuration list for PBXProject "Doggy Depot" */;
			compatibilityVersion = "Xcode 14.0";
			developmentRegion = en;
			hasScannedForEncodings = 0;
			knownRegions = (
				en,
				Base,
			);
			mainGroup = 9A41440F2CD2ACA9008A11A9;
			packageReferences = (
				9A41443B2CD3532F008A11A9 /* XCRemoteSwiftPackageReference "Parse-Swift" */,
			);
			productRefGroup = 9A4144192CD2ACA9008A11A9 /* Products */;
			projectDirPath = "";
			projectRoot = "";
			targets = (
				9A4144172CD2ACA9008A11A9 /* Doggy Depot */,
			);
		};
/* End PBXProject section */

/* Begin PBXResourcesBuildPhase section */
		9A4144162CD2ACA9008A11A9 /* Resources */ = {
			isa = PBXResourcesBuildPhase;
			buildActionMask = 2147483647;
			files = (
				9A4144232CD2ACAB008A11A9 /* Preview Assets.xcassets in Resources */,
				9A4144202CD2ACAB008A11A9 /* Assets.xcassets in Resources */,
			);
			runOnlyForDeploymentPostprocessing = 0;
		};
/* End PBXResourcesBuildPhase section */

/* Begin PBXSourcesBuildPhase section */
		9A4144142CD2ACA9008A11A9 /* Sources */ = {
			isa = PBXSourcesBuildPhase;
			buildActionMask = 2147483647;
			files = (
				9A4144462CD36955008A11A9 /* WishlistPageView.swift in Sources */,
				9A7AD9542CDAF85B002F5B95 /* User.swift in Sources */,
				115DB8682CD7DC85008BA36D /* DescriptionVIew.swift in Sources */,
				9A4144442CD360CC008A11A9 /* LandingPage.swift in Sources */,
				9A41442A2CD2B3D3008A11A9 /* RegistrationView.swift in Sources */,
				9A41441E2CD2ACA9008A11A9 /* SignInView.swift in Sources */,
				9A41441C2CD2ACA9008A11A9 /* Doggy_DepotApp.swift in Sources */,
			);
			runOnlyForDeploymentPostprocessing = 0;
		};
/* End PBXSourcesBuildPhase section */

/* Begin XCBuildConfiguration section */
		9A4144242CD2ACAB008A11A9 /* Debug */ = {
			isa = XCBuildConfiguration;
			buildSettings = {
				ALWAYS_SEARCH_USER_PATHS = NO;
				ASSETCATALOG_COMPILER_GENERATE_SWIFT_ASSET_SYMBOL_EXTENSIONS = YES;
				CLANG_ANALYZER_NONNULL = YES;
				CLANG_ANALYZER_NUMBER_OBJECT_CONVERSION = YES_AGGRESSIVE;
				CLANG_CXX_LANGUAGE_STANDARD = "gnu++20";
				CLANG_ENABLE_MODULES = YES;
				CLANG_ENABLE_OBJC_ARC = YES;
				CLANG_ENABLE_OBJC_WEAK = YES;
				CLANG_WARN_BLOCK_CAPTURE_AUTORELEASING = YES;
				CLANG_WARN_BOOL_CONVERSION = YES;
				CLANG_WARN_COMMA = YES;
				CLANG_WARN_CONSTANT_CONVERSION = YES;
				CLANG_WARN_DEPRECATED_OBJC_IMPLEMENTATIONS = YES;
				CLANG_WARN_DIRECT_OBJC_ISA_USAGE = YES_ERROR;
				CLANG_WARN_DOCUMENTATION_COMMENTS = YES;
				CLANG_WARN_EMPTY_BODY = YES;
				CLANG_WARN_ENUM_CONVERSION = YES;
				CLANG_WARN_INFINITE_RECURSION = YES;
				CLANG_WARN_INT_CONVERSION = YES;
				CLANG_WARN_NON_LITERAL_NULL_CONVERSION = YES;
				CLANG_WARN_OBJC_IMPLICIT_RETAIN_SELF = YES;
				CLANG_WARN_OBJC_LITERAL_CONVERSION = YES;
				CLANG_WARN_OBJC_ROOT_CLASS = YES_ERROR;
				CLANG_WARN_QUOTED_INCLUDE_IN_FRAMEWORK_HEADER = YES;
				CLANG_WARN_RANGE_LOOP_ANALYSIS = YES;
				CLANG_WARN_STRICT_PROTOTYPES = YES;
				CLANG_WARN_SUSPICIOUS_MOVE = YES;
				CLANG_WARN_UNGUARDED_AVAILABILITY = YES_AGGRESSIVE;
				CLANG_WARN_UNREACHABLE_CODE = YES;
				CLANG_WARN__DUPLICATE_METHOD_MATCH = YES;
				COPY_PHASE_STRIP = NO;
				DEBUG_INFORMATION_FORMAT = dwarf;
				ENABLE_STRICT_OBJC_MSGSEND = YES;
				ENABLE_TESTABILITY = YES;
				ENABLE_USER_SCRIPT_SANDBOXING = YES;
				GCC_C_LANGUAGE_STANDARD = gnu17;
				GCC_DYNAMIC_NO_PIC = NO;
				GCC_NO_COMMON_BLOCKS = YES;
				GCC_OPTIMIZATION_LEVEL = 0;
				GCC_PREPROCESSOR_DEFINITIONS = (
					"DEBUG=1",
					"$(inherited)",
				);
				GCC_WARN_64_TO_32_BIT_CONVERSION = YES;
				GCC_WARN_ABOUT_RETURN_TYPE = YES_ERROR;
				GCC_WARN_UNDECLARED_SELECTOR = YES;
				GCC_WARN_UNINITIALIZED_AUTOS = YES_AGGRESSIVE;
				GCC_WARN_UNUSED_FUNCTION = YES;
				GCC_WARN_UNUSED_VARIABLE = YES;
				IPHONEOS_DEPLOYMENT_TARGET = 17.5;
				LOCALIZATION_PREFERS_STRING_CATALOGS = YES;
				MTL_ENABLE_DEBUG_INFO = INCLUDE_SOURCE;
				MTL_FAST_MATH = YES;
				ONLY_ACTIVE_ARCH = YES;
				SDKROOT = iphoneos;
				SWIFT_ACTIVE_COMPILATION_CONDITIONS = "DEBUG $(inherited)";
				SWIFT_OPTIMIZATION_LEVEL = "-Onone";
			};
			name = Debug;
		};
		9A4144252CD2ACAB008A11A9 /* Release */ = {
			isa = XCBuildConfiguration;
			buildSettings = {
				ALWAYS_SEARCH_USER_PATHS = NO;
				ASSETCATALOG_COMPILER_GENERATE_SWIFT_ASSET_SYMBOL_EXTENSIONS = YES;
				CLANG_ANALYZER_NONNULL = YES;
				CLANG_ANALYZER_NUMBER_OBJECT_CONVERSION = YES_AGGRESSIVE;
				CLANG_CXX_LANGUAGE_STANDARD = "gnu++20";
				CLANG_ENABLE_MODULES = YES;
				CLANG_ENABLE_OBJC_ARC = YES;
				CLANG_ENABLE_OBJC_WEAK = YES;
				CLANG_WARN_BLOCK_CAPTURE_AUTORELEASING = YES;
				CLANG_WARN_BOOL_CONVERSION = YES;
				CLANG_WARN_COMMA = YES;
				CLANG_WARN_CONSTANT_CONVERSION = YES;
				CLANG_WARN_DEPRECATED_OBJC_IMPLEMENTATIONS = YES;
				CLANG_WARN_DIRECT_OBJC_ISA_USAGE = YES_ERROR;
				CLANG_WARN_DOCUMENTATION_COMMENTS = YES;
				CLANG_WARN_EMPTY_BODY = YES;
				CLANG_WARN_ENUM_CONVERSION = YES;
				CLANG_WARN_INFINITE_RECURSION = YES;
				CLANG_WARN_INT_CONVERSION = YES;
				CLANG_WARN_NON_LITERAL_NULL_CONVERSION = YES;
				CLANG_WARN_OBJC_IMPLICIT_RETAIN_SELF = YES;
				CLANG_WARN_OBJC_LITERAL_CONVERSION = YES;
				CLANG_WARN_OBJC_ROOT_CLASS = YES_ERROR;
				CLANG_WARN_QUOTED_INCLUDE_IN_FRAMEWORK_HEADER = YES;
				CLANG_WARN_RANGE_LOOP_ANALYSIS = YES;
				CLANG_WARN_STRICT_PROTOTYPES = YES;
				CLANG_WARN_SUSPICIOUS_MOVE = YES;
				CLANG_WARN_UNGUARDED_AVAILABILITY = YES_AGGRESSIVE;
				CLANG_WARN_UNREACHABLE_CODE = YES;
				CLANG_WARN__DUPLICATE_METHOD_MATCH = YES;
				COPY_PHASE_STRIP = NO;
				DEBUG_INFORMATION_FORMAT = "dwarf-with-dsym";
				ENABLE_NS_ASSERTIONS = NO;
				ENABLE_STRICT_OBJC_MSGSEND = YES;
				ENABLE_USER_SCRIPT_SANDBOXING = YES;
				GCC_C_LANGUAGE_STANDARD = gnu17;
				GCC_NO_COMMON_BLOCKS = YES;
				GCC_WARN_64_TO_32_BIT_CONVERSION = YES;
				GCC_WARN_ABOUT_RETURN_TYPE = YES_ERROR;
				GCC_WARN_UNDECLARED_SELECTOR = YES;
				GCC_WARN_UNINITIALIZED_AUTOS = YES_AGGRESSIVE;
				GCC_WARN_UNUSED_FUNCTION = YES;
				GCC_WARN_UNUSED_VARIABLE = YES;
				IPHONEOS_DEPLOYMENT_TARGET = 17.5;
				LOCALIZATION_PREFERS_STRING_CATALOGS = YES;
				MTL_ENABLE_DEBUG_INFO = NO;
				MTL_FAST_MATH = YES;
				SDKROOT = iphoneos;
				SWIFT_COMPILATION_MODE = wholemodule;
				VALIDATE_PRODUCT = YES;
			};
			name = Release;
		};
		9A4144272CD2ACAB008A11A9 /* Debug */ = {
			isa = XCBuildConfiguration;
			buildSettings = {
				ASSETCATALOG_COMPILER_APPICON_NAME = AppIcon;
				ASSETCATALOG_COMPILER_GLOBAL_ACCENT_COLOR_NAME = AccentColor;
				CODE_SIGN_STYLE = Automatic;
				CURRENT_PROJECT_VERSION = 1;
				DEVELOPMENT_ASSET_PATHS = "\"Doggy Depot/Preview Content\"";
				ENABLE_PREVIEWS = YES;
				GENERATE_INFOPLIST_FILE = YES;
				INFOPLIST_KEY_UIApplicationSceneManifest_Generation = YES;
				INFOPLIST_KEY_UIApplicationSupportsIndirectInputEvents = YES;
				INFOPLIST_KEY_UILaunchScreen_Generation = YES;
				INFOPLIST_KEY_UISupportedInterfaceOrientations_iPad = "UIInterfaceOrientationPortrait UIInterfaceOrientationPortraitUpsideDown UIInterfaceOrientationLandscapeLeft UIInterfaceOrientationLandscapeRight";
				INFOPLIST_KEY_UISupportedInterfaceOrientations_iPhone = "UIInterfaceOrientationPortrait UIInterfaceOrientationLandscapeLeft UIInterfaceOrientationLandscapeRight";
				LD_RUNPATH_SEARCH_PATHS = (
					"$(inherited)",
					"@executable_path/Frameworks",
				);
				MARKETING_VERSION = 1.0;
				PRODUCT_BUNDLE_IDENTIFIER = "ios.AA.fiu.edu.Doggy-Depot";
				PRODUCT_NAME = "$(TARGET_NAME)";
				SWIFT_EMIT_LOC_STRINGS = YES;
				SWIFT_VERSION = 5.0;
				TARGETED_DEVICE_FAMILY = "1,2";
			};
			name = Debug;
		};
		9A4144282CD2ACAB008A11A9 /* Release */ = {
			isa = XCBuildConfiguration;
			buildSettings = {
				ASSETCATALOG_COMPILER_APPICON_NAME = AppIcon;
				ASSETCATALOG_COMPILER_GLOBAL_ACCENT_COLOR_NAME = AccentColor;
				CODE_SIGN_STYLE = Automatic;
				CURRENT_PROJECT_VERSION = 1;
				DEVELOPMENT_ASSET_PATHS = "\"Doggy Depot/Preview Content\"";
				ENABLE_PREVIEWS = YES;
				GENERATE_INFOPLIST_FILE = YES;
				INFOPLIST_KEY_UIApplicationSceneManifest_Generation = YES;
				INFOPLIST_KEY_UIApplicationSupportsIndirectInputEvents = YES;
				INFOPLIST_KEY_UILaunchScreen_Generation = YES;
				INFOPLIST_KEY_UISupportedInterfaceOrientations_iPad = "UIInterfaceOrientationPortrait UIInterfaceOrientationPortraitUpsideDown UIInterfaceOrientationLandscapeLeft UIInterfaceOrientationLandscapeRight";
				INFOPLIST_KEY_UISupportedInterfaceOrientations_iPhone = "UIInterfaceOrientationPortrait UIInterfaceOrientationLandscapeLeft UIInterfaceOrientationLandscapeRight";
				LD_RUNPATH_SEARCH_PATHS = (
					"$(inherited)",
					"@executable_path/Frameworks",
				);
				MARKETING_VERSION = 1.0;
				PRODUCT_BUNDLE_IDENTIFIER = "ios.AA.fiu.edu.Doggy-Depot";
				PRODUCT_NAME = "$(TARGET_NAME)";
				SWIFT_EMIT_LOC_STRINGS = YES;
				SWIFT_VERSION = 5.0;
				TARGETED_DEVICE_FAMILY = "1,2";
			};
			name = Release;
		};
/* End XCBuildConfiguration section */

/* Begin XCConfigurationList section */
		9A4144132CD2ACA9008A11A9 /* Build configuration list for PBXProject "Doggy Depot" */ = {
			isa = XCConfigurationList;
			buildConfigurations = (
				9A4144242CD2ACAB008A11A9 /* Debug */,
				9A4144252CD2ACAB008A11A9 /* Release */,
			);
			defaultConfigurationIsVisible = 0;
			defaultConfigurationName = Release;
		};
		9A4144262CD2ACAB008A11A9 /* Build configuration list for PBXNativeTarget "Doggy Depot" */ = {
			isa = XCConfigurationList;
			buildConfigurations = (
				9A4144272CD2ACAB008A11A9 /* Debug */,
				9A4144282CD2ACAB008A11A9 /* Release */,
			);
			defaultConfigurationIsVisible = 0;
			defaultConfigurationName = Release;
		};
/* End XCConfigurationList section */

/* Begin XCRemoteSwiftPackageReference section */
		9A41443B2CD3532F008A11A9 /* XCRemoteSwiftPackageReference "Parse-Swift" */ = {
			isa = XCRemoteSwiftPackageReference;
			repositoryURL = "https://github.com/parse-community/Parse-Swift";
			requirement = {
				kind = upToNextMajorVersion;
				minimumVersion = 4.14.2;
			};
		};
/* End XCRemoteSwiftPackageReference section */

/* Begin XCSwiftPackageProductDependency section */
		9A41443C2CD3532F008A11A9 /* ParseSwift */ = {
			isa = XCSwiftPackageProductDependency;
			package = 9A41443B2CD3532F008A11A9 /* XCRemoteSwiftPackageReference "Parse-Swift" */;
			productName = ParseSwift;
		};
/* End XCSwiftPackageProductDependency section */
	};
	rootObject = 9A4144102CD2ACA9008A11A9 /* Project object */;
}
